
Microsoft Visual Studio Solution File, Format Version 12.00
# Visual Studio Version 17
VisualStudioVersion = 17.8.34525.116
MinimumVisualStudioVersion = 10.0.40219.1
Project("{FAE04EC0-301F-11D3-BF4B-00C04F79EFBC}") = "WebApiDBFirstCaseStudyTRY1", "WebApiDBFirstCaseStudyTRY1\WebApiDBFirstCaseStudyTRY1.csproj", "{5F39DDF3-0F58-4041-843E-0D4E944991AD}"
EndProject
Global
	GlobalSection(SolutionConfigurationPlatforms) = preSolution
		Debug|Any CPU = Debug|Any CPU
		Release|Any CPU = Release|Any CPU
	EndGlobalSection
	GlobalSection(ProjectConfigurationPlatforms) = postSolution
		{5F39DDF3-0F58-4041-843E-0D4E944991AD}.Debug|Any CPU.ActiveCfg = Debug|Any CPU
		{5F39DDF3-0F58-4041-843E-0D4E944991AD}.Debug|Any CPU.Build.0 = Debug|Any CPU
		{5F39DDF3-0F58-4041-843E-0D4E944991AD}.Release|Any CPU.ActiveCfg = Release|Any CPU
		{5F39DDF3-0F58-4041-843E-0D4E944991AD}.Release|Any CPU.Build.0 = Release|Any CPU
	EndGlobalSection
	GlobalSection(SolutionProperties) = preSolution
		HideSolutionNode = FALSE
	EndGlobalSection
	GlobalSection(ExtensibilityGlobals) = postSolution
		SolutionGuid = {CCB19FFC-605C-4489-BF9E-DED610280069}
	EndGlobalSection
EndGlobal
