
Microsoft Visual Studio Solution File, Format Version 12.00
# Visual Studio Version 17
VisualStudioVersion = 17.8.34525.116
MinimumVisualStudioVersion = 10.0.40219.1
Project("{9A19103F-16F7-4668-BE54-9A1E7A4F7556}") = "WebApiCaseStudyCFTry1", "WebApiCaseStudyCFTry1\WebApiCaseStudyCFTry1.csproj", "{11CF5BEB-F4FA-405E-A7E9-ACD0751A5BC5}"
EndProject
Project("{FAE04EC0-301F-11D3-BF4B-00C04F79EFBC}") = "CStest", "CStest\CStest.csproj", "{F479DE72-146C-4840-BCB2-3E1A1D5343AA}"
EndProject
Global
	GlobalSection(SolutionConfigurationPlatforms) = preSolution
		Debug|Any CPU = Debug|Any CPU
		Release|Any CPU = Release|Any CPU
	EndGlobalSection
	GlobalSection(ProjectConfigurationPlatforms) = postSolution
		{11CF5BEB-F4FA-405E-A7E9-ACD0751A5BC5}.Debug|Any CPU.ActiveCfg = Debug|Any CPU
		{11CF5BEB-F4FA-405E-A7E9-ACD0751A5BC5}.Debug|Any CPU.Build.0 = Debug|Any CPU
		{11CF5BEB-F4FA-405E-A7E9-ACD0751A5BC5}.Release|Any CPU.ActiveCfg = Release|Any CPU
		{11CF5BEB-F4FA-405E-A7E9-ACD0751A5BC5}.Release|Any CPU.Build.0 = Release|Any CPU
		{F479DE72-146C-4840-BCB2-3E1A1D5343AA}.Debug|Any CPU.ActiveCfg = Debug|Any CPU
		{F479DE72-146C-4840-BCB2-3E1A1D5343AA}.Debug|Any CPU.Build.0 = Debug|Any CPU
		{F479DE72-146C-4840-BCB2-3E1A1D5343AA}.Release|Any CPU.ActiveCfg = Release|Any CPU
		{F479DE72-146C-4840-BCB2-3E1A1D5343AA}.Release|Any CPU.Build.0 = Release|Any CPU
	EndGlobalSection
	GlobalSection(SolutionProperties) = preSolution
		HideSolutionNode = FALSE
	EndGlobalSection
	GlobalSection(ExtensibilityGlobals) = postSolution
		SolutionGuid = {BA0B565A-127C-49B9-8FB3-94E42D9EE0AA}
	EndGlobalSection
EndGlobal
